# THIS IS AN AUTOGENERATED FILE. DO NOT EDIT THIS FILE DIRECTLY.
# yarn lockfile v1


fuse.js@^6.4.3:
  version "6.4.3"
  resolved "https://registry.yarnpkg.com/fuse.js/-/fuse.js-6.4.3.tgz#aadd6ac34aab5b1d6e6c60462fcb4d1c3f53bb01"
  integrity sha512-JNgngolukIrqwayWnvy6NLH63hmwKPhm63o0uyBg51jPD0j09IvAzlV1rTXfAsgxpghI7khAo6Mv+EmvjDWXig==

prettier@2.1.2:
  version "2.1.2"
  resolved "https://registry.yarnpkg.com/prettier/-/prettier-2.1.2.tgz#3050700dae2e4c8b67c4c3f666cdb8af405e1ce5"
  integrity sha512-16c7K+x4qVlJg9rEbXl7HEGmQyZlG4R9AgP+oHKRMsMsuk8s+ATStlf1NpDqyBI1HpVyfjLOeMhH2LvuNvV5Vg==
